
Microsoft Visual Studio Solution File, Format Version 12.00
# Visual Studio 15
VisualStudioVersion = 15.0.27703.2035
MinimumVisualStudioVersion = 10.0.40219.1
Project("{FAE04EC0-301F-11D3-BF4B-00C04F79EFBC}") = "TrivialTrivia.Android", "TrivialTrivia\TrivialTrivia.Android\TrivialTrivia.Android.csproj", "{9A3B28E7-A151-41B5-9A30-FEC9D7A5E427}"
EndProject
Project("{FAE04EC0-301F-11D3-BF4B-00C04F79EFBC}") = "TrivialTrivia.iOS", "TrivialTrivia\TrivialTrivia.iOS\TrivialTrivia.iOS.csproj", "{6283C81F-6346-425F-B24C-33BE6F529A85}"
EndProject
Project("{FAE04EC0-301F-11D3-BF4B-00C04F79EFBC}") = "TrivialTrivia.UWP", "TrivialTrivia\TrivialTrivia.UWP\TrivialTrivia.UWP.csproj", "{D5CABAE7-78EC-42B8-B360-D42680F22A24}"
EndProject
Project("{FAE04EC0-301F-11D3-BF4B-00C04F79EFBC}") = "TrivialTrivia", "TrivialTrivia\TrivialTrivia\TrivialTrivia.csproj", "{09FA9701-DEB8-49C2-9DC2-EDBBF21CAFDE}"
EndProject
Global
	GlobalSection(SolutionConfigurationPlatforms) = preSolution
		Ad-Hoc|Any CPU = Ad-Hoc|Any CPU
		Ad-Hoc|ARM = Ad-Hoc|ARM
		Ad-Hoc|iPhone = Ad-Hoc|iPhone
		Ad-Hoc|iPhoneSimulator = Ad-Hoc|iPhoneSimulator
		Ad-Hoc|x64 = Ad-Hoc|x64
		Ad-Hoc|x86 = Ad-Hoc|x86
		AppStore|Any CPU = AppStore|Any CPU
		AppStore|ARM = AppStore|ARM
		AppStore|iPhone = AppStore|iPhone
		AppStore|iPhoneSimulator = AppStore|iPhoneSimulator
		AppStore|x64 = AppStore|x64
		AppStore|x86 = AppStore|x86
		Debug|Any CPU = Debug|Any CPU
		Debug|ARM = Debug|ARM
		Debug|iPhone = Debug|iPhone
		Debug|iPhoneSimulator = Debug|iPhoneSimulator
		Debug|x64 = Debug|x64
		Debug|x86 = Debug|x86
		Release|Any CPU = Release|Any CPU
		Release|ARM = Release|ARM
		Release|iPhone = Release|iPhone
		Release|iPhoneSimulator = Release|iPhoneSimulator
		Release|x64 = Release|x64
		Release|x86 = Release|x86
	EndGlobalSection
	GlobalSection(ProjectConfigurationPlatforms) = postSolution
		{9A3B28E7-A151-41B5-9A30-FEC9D7A5E427}.Ad-Hoc|Any CPU.ActiveCfg = Release|Any CPU
		{9A3B28E7-A151-41B5-9A30-FEC9D7A5E427}.Ad-Hoc|Any CPU.Build.0 = Release|Any CPU
		{9A3B28E7-A151-41B5-9A30-FEC9D7A5E427}.Ad-Hoc|Any CPU.Deploy.0 = Release|Any CPU
		{9A3B28E7-A151-41B5-9A30-FEC9D7A5E427}.Ad-Hoc|ARM.ActiveCfg = Release|Any CPU
		{9A3B28E7-A151-41B5-9A30-FEC9D7A5E427}.Ad-Hoc|ARM.Build.0 = Release|Any CPU
		{9A3B28E7-A151-41B5-9A30-FEC9D7A5E427}.Ad-Hoc|ARM.Deploy.0 = Release|Any CPU
		{9A3B28E7-A151-41B5-9A30-FEC9D7A5E427}.Ad-Hoc|iPhone.ActiveCfg = Release|Any CPU
		{9A3B28E7-A151-41B5-9A30-FEC9D7A5E427}.Ad-Hoc|iPhone.Build.0 = Release|Any CPU
		{9A3B28E7-A151-41B5-9A30-FEC9D7A5E427}.Ad-Hoc|iPhone.Deploy.0 = Release|Any CPU
		{9A3B28E7-A151-41B5-9A30-FEC9D7A5E427}.Ad-Hoc|iPhoneSimulator.ActiveCfg = Release|Any CPU
		{9A3B28E7-A151-41B5-9A30-FEC9D7A5E427}.Ad-Hoc|iPhoneSimulator.Build.0 = Release|Any CPU
		{9A3B28E7-A151-41B5-9A30-FEC9D7A5E427}.Ad-Hoc|iPhoneSimulator.Deploy.0 = Release|Any CPU
		{9A3B28E7-A151-41B5-9A30-FEC9D7A5E427}.Ad-Hoc|x64.ActiveCfg = Release|Any CPU
		{9A3B28E7-A151-41B5-9A30-FEC9D7A5E427}.Ad-Hoc|x64.Build.0 = Release|Any CPU
		{9A3B28E7-A151-41B5-9A30-FEC9D7A5E427}.Ad-Hoc|x64.Deploy.0 = Release|Any CPU
		{9A3B28E7-A151-41B5-9A30-FEC9D7A5E427}.Ad-Hoc|x86.ActiveCfg = Release|Any CPU
		{9A3B28E7-A151-41B5-9A30-FEC9D7A5E427}.Ad-Hoc|x86.Build.0 = Release|Any CPU
		{9A3B28E7-A151-41B5-9A30-FEC9D7A5E427}.Ad-Hoc|x86.Deploy.0 = Release|Any CPU
		{9A3B28E7-A151-41B5-9A30-FEC9D7A5E427}.AppStore|Any CPU.ActiveCfg = Release|Any CPU
		{9A3B28E7-A151-41B5-9A30-FEC9D7A5E427}.AppStore|Any CPU.Build.0 = Release|Any CPU
		{9A3B28E7-A151-41B5-9A30-FEC9D7A5E427}.AppStore|Any CPU.Deploy.0 = Release|Any CPU
		{9A3B28E7-A151-41B5-9A30-FEC9D7A5E427}.AppStore|ARM.ActiveCfg = Release|Any CPU
		{9A3B28E7-A151-41B5-9A30-FEC9D7A5E427}.AppStore|ARM.Build.0 = Release|Any CPU
		{9A3B28E7-A151-41B5-9A30-FEC9D7A5E427}.AppStore|ARM.Deploy.0 = Release|Any CPU
		{9A3B28E7-A151-41B5-9A30-FEC9D7A5E427}.AppStore|iPhone.ActiveCfg = Release|Any CPU
		{9A3B28E7-A151-41B5-9A30-FEC9D7A5E427}.AppStore|iPhone.Build.0 = Release|Any CPU
		{9A3B28E7-A151-41B5-9A30-FEC9D7A5E427}.AppStore|iPhone.Deploy.0 = Release|Any CPU
		{9A3B28E7-A151-41B5-9A30-FEC9D7A5E427}.AppStore|iPhoneSimulator.ActiveCfg = Release|Any CPU
		{9A3B28E7-A151-41B5-9A30-FEC9D7A5E427}.AppStore|iPhoneSimulator.Build.0 = Release|Any CPU
		{9A3B28E7-A151-41B5-9A30-FEC9D7A5E427}.AppStore|iPhoneSimulator.Deploy.0 = Release|Any CPU
		{9A3B28E7-A151-41B5-9A30-FEC9D7A5E427}.AppStore|x64.ActiveCfg = Release|Any CPU
		{9A3B28E7-A151-41B5-9A30-FEC9D7A5E427}.AppStore|x64.Build.0 = Release|Any CPU
		{9A3B28E7-A151-41B5-9A30-FEC9D7A5E427}.AppStore|x64.Deploy.0 = Release|Any CPU
		{9A3B28E7-A151-41B5-9A30-FEC9D7A5E427}.AppStore|x86.ActiveCfg = Release|Any CPU
		{9A3B28E7-A151-41B5-9A30-FEC9D7A5E427}.AppStore|x86.Build.0 = Release|Any CPU
		{9A3B28E7-A151-41B5-9A30-FEC9D7A5E427}.AppStore|x86.Deploy.0 = Release|Any CPU
		{9A3B28E7-A151-41B5-9A30-FEC9D7A5E427}.Debug|Any CPU.ActiveCfg = Debug|Any CPU
		{9A3B28E7-A151-41B5-9A30-FEC9D7A5E427}.Debug|Any CPU.Build.0 = Debug|Any CPU
		{9A3B28E7-A151-41B5-9A30-FEC9D7A5E427}.Debug|Any CPU.Deploy.0 = Debug|Any CPU
		{9A3B28E7-A151-41B5-9A30-FEC9D7A5E427}.Debug|ARM.ActiveCfg = Debug|Any CPU
		{9A3B28E7-A151-41B5-9A30-FEC9D7A5E427}.Debug|ARM.Build.0 = Debug|Any CPU
		{9A3B28E7-A151-41B5-9A30-FEC9D7A5E427}.Debug|ARM.Deploy.0 = Debug|Any CPU
		{9A3B28E7-A151-41B5-9A30-FEC9D7A5E427}.Debug|iPhone.ActiveCfg = Debug|Any CPU
		{9A3B28E7-A151-41B5-9A30-FEC9D7A5E427}.Debug|iPhone.Build.0 = Debug|Any CPU
		{9A3B28E7-A151-41B5-9A30-FEC9D7A5E427}.Debug|iPhone.Deploy.0 = Debug|Any CPU
		{9A3B28E7-A151-41B5-9A30-FEC9D7A5E427}.Debug|iPhoneSimulator.ActiveCfg = Debug|Any CPU
		{9A3B28E7-A151-41B5-9A30-FEC9D7A5E427}.Debug|iPhoneSimulator.Build.0 = Debug|Any CPU
		{9A3B28E7-A151-41B5-9A30-FEC9D7A5E427}.Debug|iPhoneSimulator.Deploy.0 = Debug|Any CPU
		{9A3B28E7-A151-41B5-9A30-FEC9D7A5E427}.Debug|x64.ActiveCfg = Debug|Any CPU
		{9A3B28E7-A151-41B5-9A30-FEC9D7A5E427}.Debug|x64.Build.0 = Debug|Any CPU
		{9A3B28E7-A151-41B5-9A30-FEC9D7A5E427}.Debug|x64.Deploy.0 = Debug|Any CPU
		{9A3B28E7-A151-41B5-9A30-FEC9D7A5E427}.Debug|x86.ActiveCfg = Debug|Any CPU
		{9A3B28E7-A151-41B5-9A30-FEC9D7A5E427}.Debug|x86.Build.0 = Debug|Any CPU
		{9A3B28E7-A151-41B5-9A30-FEC9D7A5E427}.Debug|x86.Deploy.0 = Debug|Any CPU
		{9A3B28E7-A151-41B5-9A30-FEC9D7A5E427}.Release|Any CPU.ActiveCfg = Release|Any CPU
		{9A3B28E7-A151-41B5-9A30-FEC9D7A5E427}.Release|Any CPU.Build.0 = Release|Any CPU
		{9A3B28E7-A151-41B5-9A30-FEC9D7A5E427}.Release|Any CPU.Deploy.0 = Release|Any CPU
		{9A3B28E7-A151-41B5-9A30-FEC9D7A5E427}.Release|ARM.ActiveCfg = Release|Any CPU
		{9A3B28E7-A151-41B5-9A30-FEC9D7A5E427}.Release|ARM.Build.0 = Release|Any CPU
		{9A3B28E7-A151-41B5-9A30-FEC9D7A5E427}.Release|ARM.Deploy.0 = Release|Any CPU
		{9A3B28E7-A151-41B5-9A30-FEC9D7A5E427}.Release|iPhone.ActiveCfg = Release|Any CPU
		{9A3B28E7-A151-41B5-9A30-FEC9D7A5E427}.Release|iPhone.Build.0 = Release|Any CPU
		{9A3B28E7-A151-41B5-9A30-FEC9D7A5E427}.Release|iPhone.Deploy.0 = Release|Any CPU
		{9A3B28E7-A151-41B5-9A30-FEC9D7A5E427}.Release|iPhoneSimulator.ActiveCfg = Release|Any CPU
		{9A3B28E7-A151-41B5-9A30-FEC9D7A5E427}.Release|iPhoneSimulator.Build.0 = Release|Any CPU
		{9A3B28E7-A151-41B5-9A30-FEC9D7A5E427}.Release|iPhoneSimulator.Deploy.0 = Release|Any CPU
		{9A3B28E7-A151-41B5-9A30-FEC9D7A5E427}.Release|x64.ActiveCfg = Release|Any CPU
		{9A3B28E7-A151-41B5-9A30-FEC9D7A5E427}.Release|x64.Build.0 = Release|Any CPU
		{9A3B28E7-A151-41B5-9A30-FEC9D7A5E427}.Release|x64.Deploy.0 = Release|Any CPU
		{9A3B28E7-A151-41B5-9A30-FEC9D7A5E427}.Release|x86.ActiveCfg = Release|Any CPU
		{9A3B28E7-A151-41B5-9A30-FEC9D7A5E427}.Release|x86.Build.0 = Release|Any CPU
		{9A3B28E7-A151-41B5-9A30-FEC9D7A5E427}.Release|x86.Deploy.0 = Release|Any CPU
		{6283C81F-6346-425F-B24C-33BE6F529A85}.Ad-Hoc|Any CPU.ActiveCfg = Ad-Hoc|iPhone
		{6283C81F-6346-425F-B24C-33BE6F529A85}.Ad-Hoc|Any CPU.Build.0 = Ad-Hoc|iPhone
		{6283C81F-6346-425F-B24C-33BE6F529A85}.Ad-Hoc|Any CPU.Deploy.0 = Ad-Hoc|iPhone
		{6283C81F-6346-425F-B24C-33BE6F529A85}.Ad-Hoc|ARM.ActiveCfg = Ad-Hoc|iPhone
		{6283C81F-6346-425F-B24C-33BE6F529A85}.Ad-Hoc|ARM.Build.0 = Ad-Hoc|iPhone
		{6283C81F-6346-425F-B24C-33BE6F529A85}.Ad-Hoc|ARM.Deploy.0 = Ad-Hoc|iPhone
		{6283C81F-6346-425F-B24C-33BE6F529A85}.Ad-Hoc|iPhone.ActiveCfg = Ad-Hoc|iPhone
		{6283C81F-6346-425F-B24C-33BE6F529A85}.Ad-Hoc|iPhone.Build.0 = Ad-Hoc|iPhone
		{6283C81F-6346-425F-B24C-33BE6F529A85}.Ad-Hoc|iPhone.Deploy.0 = Ad-Hoc|iPhone
		{6283C81F-6346-425F-B24C-33BE6F529A85}.Ad-Hoc|iPhoneSimulator.ActiveCfg = Ad-Hoc|iPhoneSimulator
		{6283C81F-6346-425F-B24C-33BE6F529A85}.Ad-Hoc|iPhoneSimulator.Build.0 = Ad-Hoc|iPhoneSimulator
		{6283C81F-6346-425F-B24C-33BE6F529A85}.Ad-Hoc|iPhoneSimulator.Deploy.0 = Ad-Hoc|iPhoneSimulator
		{6283C81F-6346-425F-B24C-33BE6F529A85}.Ad-Hoc|x64.ActiveCfg = Ad-Hoc|iPhone
		{6283C81F-6346-425F-B24C-33BE6F529A85}.Ad-Hoc|x64.Build.0 = Ad-Hoc|iPhone
		{6283C81F-6346-425F-B24C-33BE6F529A85}.Ad-Hoc|x64.Deploy.0 = Ad-Hoc|iPhone
		{6283C81F-6346-425F-B24C-33BE6F529A85}.Ad-Hoc|x86.ActiveCfg = Ad-Hoc|iPhone
		{6283C81F-6346-425F-B24C-33BE6F529A85}.Ad-Hoc|x86.Build.0 = Ad-Hoc|iPhone
		{6283C81F-6346-425F-B24C-33BE6F529A85}.Ad-Hoc|x86.Deploy.0 = Ad-Hoc|iPhone
		{6283C81F-6346-425F-B24C-33BE6F529A85}.AppStore|Any CPU.ActiveCfg = AppStore|iPhone
		{6283C81F-6346-425F-B24C-33BE6F529A85}.AppStore|Any CPU.Build.0 = AppStore|iPhone
		{6283C81F-6346-425F-B24C-33BE6F529A85}.AppStore|Any CPU.Deploy.0 = AppStore|iPhone
		{6283C81F-6346-425F-B24C-33BE6F529A85}.AppStore|ARM.ActiveCfg = AppStore|iPhone
		{6283C81F-6346-425F-B24C-33BE6F529A85}.AppStore|ARM.Build.0 = AppStore|iPhone
		{6283C81F-6346-425F-B24C-33BE6F529A85}.AppStore|ARM.Deploy.0 = AppStore|iPhone
		{6283C81F-6346-425F-B24C-33BE6F529A85}.AppStore|iPhone.ActiveCfg = AppStore|iPhone
		{6283C81F-6346-425F-B24C-33BE6F529A85}.AppStore|iPhone.Build.0 = AppStore|iPhone
		{6283C81F-6346-425F-B24C-33BE6F529A85}.AppStore|iPhone.Deploy.0 = AppStore|iPhone
		{6283C81F-6346-425F-B24C-33BE6F529A85}.AppStore|iPhoneSimulator.ActiveCfg = AppStore|iPhoneSimulator
		{6283C81F-6346-425F-B24C-33BE6F529A85}.AppStore|iPhoneSimulator.Build.0 = AppStore|iPhoneSimulator
		{6283C81F-6346-425F-B24C-33BE6F529A85}.AppStore|iPhoneSimulator.Deploy.0 = AppStore|iPhoneSimulator
		{6283C81F-6346-425F-B24C-33BE6F529A85}.AppStore|x64.ActiveCfg = AppStore|iPhone
		{6283C81F-6346-425F-B24C-33BE6F529A85}.AppStore|x64.Build.0 = AppStore|iPhone
		{6283C81F-6346-425F-B24C-33BE6F529A85}.AppStore|x64.Deploy.0 = AppStore|iPhone
		{6283C81F-6346-425F-B24C-33BE6F529A85}.AppStore|x86.ActiveCfg = AppStore|iPhone
		{6283C81F-6346-425F-B24C-33BE6F529A85}.AppStore|x86.Build.0 = AppStore|iPhone
		{6283C81F-6346-425F-B24C-33BE6F529A85}.AppStore|x86.Deploy.0 = AppStore|iPhone
		{6283C81F-6346-425F-B24C-33BE6F529A85}.Debug|Any CPU.ActiveCfg = Debug|iPhoneSimulator
		{6283C81F-6346-425F-B24C-33BE6F529A85}.Debug|Any CPU.Build.0 = Debug|iPhoneSimulator
		{6283C81F-6346-425F-B24C-33BE6F529A85}.Debug|Any CPU.Deploy.0 = Debug|iPhoneSimulator
		{6283C81F-6346-425F-B24C-33BE6F529A85}.Debug|ARM.ActiveCfg = Debug|iPhone
		{6283C81F-6346-425F-B24C-33BE6F529A85}.Debug|ARM.Build.0 = Debug|iPhone
		{6283C81F-6346-425F-B24C-33BE6F529A85}.Debug|ARM.Deploy.0 = Debug|iPhone
		{6283C81F-6346-425F-B24C-33BE6F529A85}.Debug|iPhone.ActiveCfg = Debug|iPhone
		{6283C81F-6346-425F-B24C-33BE6F529A85}.Debug|iPhone.Build.0 = Debug|iPhone
		{6283C81F-6346-425F-B24C-33BE6F529A85}.Debug|iPhone.Deploy.0 = Debug|iPhone
		{6283C81F-6346-425F-B24C-33BE6F529A85}.Debug|iPhoneSimulator.ActiveCfg = Debug|iPhoneSimulator
		{6283C81F-6346-425F-B24C-33BE6F529A85}.Debug|iPhoneSimulator.Build.0 = Debug|iPhoneSimulator
		{6283C81F-6346-425F-B24C-33BE6F529A85}.Debug|iPhoneSimulator.Deploy.0 = Debug|iPhoneSimulator
		{6283C81F-6346-425F-B24C-33BE6F529A85}.Debug|x64.ActiveCfg = Debug|iPhone
		{6283C81F-6346-425F-B24C-33BE6F529A85}.Debug|x64.Build.0 = Debug|iPhone
		{6283C81F-6346-425F-B24C-33BE6F529A85}.Debug|x64.Deploy.0 = Debug|iPhone
		{6283C81F-6346-425F-B24C-33BE6F529A85}.Debug|x86.ActiveCfg = Debug|iPhone
		{6283C81F-6346-425F-B24C-33BE6F529A85}.Debug|x86.Build.0 = Debug|iPhone
		{6283C81F-6346-425F-B24C-33BE6F529A85}.Debug|x86.Deploy.0 = Debug|iPhone
		{6283C81F-6346-425F-B24C-33BE6F529A85}.Release|Any CPU.ActiveCfg = Release|iPhone
		{6283C81F-6346-425F-B24C-33BE6F529A85}.Release|Any CPU.Build.0 = Release|iPhone
		{6283C81F-6346-425F-B24C-33BE6F529A85}.Release|Any CPU.Deploy.0 = Release|iPhone
		{6283C81F-6346-425F-B24C-33BE6F529A85}.Release|ARM.ActiveCfg = Release|iPhone
		{6283C81F-6346-425F-B24C-33BE6F529A85}.Release|ARM.Build.0 = Release|iPhone
		{6283C81F-6346-425F-B24C-33BE6F529A85}.Release|ARM.Deploy.0 = Release|iPhone
		{6283C81F-6346-425F-B24C-33BE6F529A85}.Release|iPhone.ActiveCfg = Release|iPhone
		{6283C81F-6346-425F-B24C-33BE6F529A85}.Release|iPhone.Build.0 = Release|iPhone
		{6283C81F-6346-425F-B24C-33BE6F529A85}.Release|iPhone.Deploy.0 = Release|iPhone
		{6283C81F-6346-425F-B24C-33BE6F529A85}.Release|iPhoneSimulator.ActiveCfg = Release|iPhoneSimulator
		{6283C81F-6346-425F-B24C-33BE6F529A85}.Release|iPhoneSimulator.Build.0 = Release|iPhoneSimulator
		{6283C81F-6346-425F-B24C-33BE6F529A85}.Release|iPhoneSimulator.Deploy.0 = Release|iPhoneSimulator
		{6283C81F-6346-425F-B24C-33BE6F529A85}.Release|x64.ActiveCfg = Release|iPhone
		{6283C81F-6346-425F-B24C-33BE6F529A85}.Release|x64.Build.0 = Release|iPhone
		{6283C81F-6346-425F-B24C-33BE6F529A85}.Release|x64.Deploy.0 = Release|iPhone
		{6283C81F-6346-425F-B24C-33BE6F529A85}.Release|x86.ActiveCfg = Release|iPhone
		{6283C81F-6346-425F-B24C-33BE6F529A85}.Release|x86.Build.0 = Release|iPhone
		{6283C81F-6346-425F-B24C-33BE6F529A85}.Release|x86.Deploy.0 = Release|iPhone
		{D5CABAE7-78EC-42B8-B360-D42680F22A24}.Ad-Hoc|Any CPU.ActiveCfg = Release|x86
		{D5CABAE7-78EC-42B8-B360-D42680F22A24}.Ad-Hoc|Any CPU.Build.0 = Release|x86
		{D5CABAE7-78EC-42B8-B360-D42680F22A24}.Ad-Hoc|Any CPU.Deploy.0 = Release|x86
		{D5CABAE7-78EC-42B8-B360-D42680F22A24}.Ad-Hoc|ARM.ActiveCfg = Release|ARM
		{D5CABAE7-78EC-42B8-B360-D42680F22A24}.Ad-Hoc|ARM.Build.0 = Release|ARM
		{D5CABAE7-78EC-42B8-B360-D42680F22A24}.Ad-Hoc|ARM.Deploy.0 = Release|ARM
		{D5CABAE7-78EC-42B8-B360-D42680F22A24}.Ad-Hoc|iPhone.ActiveCfg = Release|x86
		{D5CABAE7-78EC-42B8-B360-D42680F22A24}.Ad-Hoc|iPhone.Build.0 = Release|x86
		{D5CABAE7-78EC-42B8-B360-D42680F22A24}.Ad-Hoc|iPhone.Deploy.0 = Release|x86
		{D5CABAE7-78EC-42B8-B360-D42680F22A24}.Ad-Hoc|iPhoneSimulator.ActiveCfg = Release|x86
		{D5CABAE7-78EC-42B8-B360-D42680F22A24}.Ad-Hoc|iPhoneSimulator.Build.0 = Release|x86
		{D5CABAE7-78EC-42B8-B360-D42680F22A24}.Ad-Hoc|iPhoneSimulator.Deploy.0 = Release|x86
		{D5CABAE7-78EC-42B8-B360-D42680F22A24}.Ad-Hoc|x64.ActiveCfg = Release|x64
		{D5CABAE7-78EC-42B8-B360-D42680F22A24}.Ad-Hoc|x64.Build.0 = Release|x64
		{D5CABAE7-78EC-42B8-B360-D42680F22A24}.Ad-Hoc|x64.Deploy.0 = Release|x64
		{D5CABAE7-78EC-42B8-B360-D42680F22A24}.Ad-Hoc|x86.ActiveCfg = Release|x86
		{D5CABAE7-78EC-42B8-B360-D42680F22A24}.Ad-Hoc|x86.Build.0 = Release|x86
		{D5CABAE7-78EC-42B8-B360-D42680F22A24}.Ad-Hoc|x86.Deploy.0 = Release|x86
		{D5CABAE7-78EC-42B8-B360-D42680F22A24}.AppStore|Any CPU.ActiveCfg = Release|x86
		{D5CABAE7-78EC-42B8-B360-D42680F22A24}.AppStore|Any CPU.Build.0 = Release|x86
		{D5CABAE7-78EC-42B8-B360-D42680F22A24}.AppStore|Any CPU.Deploy.0 = Release|x86
		{D5CABAE7-78EC-42B8-B360-D42680F22A24}.AppStore|ARM.ActiveCfg = Release|ARM
		{D5CABAE7-78EC-42B8-B360-D42680F22A24}.AppStore|ARM.Build.0 = Release|ARM
		{D5CABAE7-78EC-42B8-B360-D42680F22A24}.AppStore|ARM.Deploy.0 = Release|ARM
		{D5CABAE7-78EC-42B8-B360-D42680F22A24}.AppStore|iPhone.ActiveCfg = Release|x86
		{D5CABAE7-78EC-42B8-B360-D42680F22A24}.AppStore|iPhone.Build.0 = Release|x86
		{D5CABAE7-78EC-42B8-B360-D42680F22A24}.AppStore|iPhone.Deploy.0 = Release|x86
		{D5CABAE7-78EC-42B8-B360-D42680F22A24}.AppStore|iPhoneSimulator.ActiveCfg = Release|x86
		{D5CABAE7-78EC-42B8-B360-D42680F22A24}.AppStore|iPhoneSimulator.Build.0 = Release|x86
		{D5CABAE7-78EC-42B8-B360-D42680F22A24}.AppStore|iPhoneSimulator.Deploy.0 = Release|x86
		{D5CABAE7-78EC-42B8-B360-D42680F22A24}.AppStore|x64.ActiveCfg = Release|x64
		{D5CABAE7-78EC-42B8-B360-D42680F22A24}.AppStore|x64.Build.0 = Release|x64
		{D5CABAE7-78EC-42B8-B360-D42680F22A24}.AppStore|x64.Deploy.0 = Release|x64
		{D5CABAE7-78EC-42B8-B360-D42680F22A24}.AppStore|x86.ActiveCfg = Release|x86
		{D5CABAE7-78EC-42B8-B360-D42680F22A24}.AppStore|x86.Build.0 = Release|x86
		{D5CABAE7-78EC-42B8-B360-D42680F22A24}.AppStore|x86.Deploy.0 = Release|x86
		{D5CABAE7-78EC-42B8-B360-D42680F22A24}.Debug|Any CPU.ActiveCfg = Debug|x86
		{D5CABAE7-78EC-42B8-B360-D42680F22A24}.Debug|Any CPU.Build.0 = Debug|x86
		{D5CABAE7-78EC-42B8-B360-D42680F22A24}.Debug|Any CPU.Deploy.0 = Debug|x86
		{D5CABAE7-78EC-42B8-B360-D42680F22A24}.Debug|ARM.ActiveCfg = Debug|ARM
		{D5CABAE7-78EC-42B8-B360-D42680F22A24}.Debug|ARM.Build.0 = Debug|ARM
		{D5CABAE7-78EC-42B8-B360-D42680F22A24}.Debug|ARM.Deploy.0 = Debug|ARM
		{D5CABAE7-78EC-42B8-B360-D42680F22A24}.Debug|iPhone.ActiveCfg = Debug|x86
		{D5CABAE7-78EC-42B8-B360-D42680F22A24}.Debug|iPhone.Build.0 = Debug|x86
		{D5CABAE7-78EC-42B8-B360-D42680F22A24}.Debug|iPhone.Deploy.0 = Debug|x86
		{D5CABAE7-78EC-42B8-B360-D42680F22A24}.Debug|iPhoneSimulator.ActiveCfg = Debug|x86
		{D5CABAE7-78EC-42B8-B360-D42680F22A24}.Debug|iPhoneSimulator.Build.0 = Debug|x86
		{D5CABAE7-78EC-42B8-B360-D42680F22A24}.Debug|iPhoneSimulator.Deploy.0 = Debug|x86
		{D5CABAE7-78EC-42B8-B360-D42680F22A24}.Debug|x64.ActiveCfg = Debug|x64
		{D5CABAE7-78EC-42B8-B360-D42680F22A24}.Debug|x64.Build.0 = Debug|x64
		{D5CABAE7-78EC-42B8-B360-D42680F22A24}.Debug|x64.Deploy.0 = Debug|x64
		{D5CABAE7-78EC-42B8-B360-D42680F22A24}.Debug|x86.ActiveCfg = Debug|x86
		{D5CABAE7-78EC-42B8-B360-D42680F22A24}.Debug|x86.Build.0 = Debug|x86
		{D5CABAE7-78EC-42B8-B360-D42680F22A24}.Debug|x86.Deploy.0 = Debug|x86
		{D5CABAE7-78EC-42B8-B360-D42680F22A24}.Release|Any CPU.ActiveCfg = Release|x86
		{D5CABAE7-78EC-42B8-B360-D42680F22A24}.Release|Any CPU.Build.0 = Release|x86
		{D5CABAE7-78EC-42B8-B360-D42680F22A24}.Release|Any CPU.Deploy.0 = Release|x86
		{D5CABAE7-78EC-42B8-B360-D42680F22A24}.Release|ARM.ActiveCfg = Release|ARM
		{D5CABAE7-78EC-42B8-B360-D42680F22A24}.Release|ARM.Build.0 = Release|ARM
		{D5CABAE7-78EC-42B8-B360-D42680F22A24}.Release|ARM.Deploy.0 = Release|ARM
		{D5CABAE7-78EC-42B8-B360-D42680F22A24}.Release|iPhone.ActiveCfg = Release|x86
		{D5CABAE7-78EC-42B8-B360-D42680F22A24}.Release|iPhone.Build.0 = Release|x86
		{D5CABAE7-78EC-42B8-B360-D42680F22A24}.Release|iPhone.Deploy.0 = Release|x86
		{D5CABAE7-78EC-42B8-B360-D42680F22A24}.Release|iPhoneSimulator.ActiveCfg = Release|x86
		{D5CABAE7-78EC-42B8-B360-D42680F22A24}.Release|iPhoneSimulator.Build.0 = Release|x86
		{D5CABAE7-78EC-42B8-B360-D42680F22A24}.Release|iPhoneSimulator.Deploy.0 = Release|x86
		{D5CABAE7-78EC-42B8-B360-D42680F22A24}.Release|x64.ActiveCfg = Release|x64
		{D5CABAE7-78EC-42B8-B360-D42680F22A24}.Release|x64.Build.0 = Release|x64
		{D5CABAE7-78EC-42B8-B360-D42680F22A24}.Release|x64.Deploy.0 = Release|x64
		{D5CABAE7-78EC-42B8-B360-D42680F22A24}.Release|x86.ActiveCfg = Release|x86
		{D5CABAE7-78EC-42B8-B360-D42680F22A24}.Release|x86.Build.0 = Release|x86
		{D5CABAE7-78EC-42B8-B360-D42680F22A24}.Release|x86.Deploy.0 = Release|x86
		{09FA9701-DEB8-49C2-9DC2-EDBBF21CAFDE}.Ad-Hoc|Any CPU.ActiveCfg = Debug|Any CPU
		{09FA9701-DEB8-49C2-9DC2-EDBBF21CAFDE}.Ad-Hoc|Any CPU.Build.0 = Debug|Any CPU
		{09FA9701-DEB8-49C2-9DC2-EDBBF21CAFDE}.Ad-Hoc|Any CPU.Deploy.0 = Debug|Any CPU
		{09FA9701-DEB8-49C2-9DC2-EDBBF21CAFDE}.Ad-Hoc|ARM.ActiveCfg = Debug|Any CPU
		{09FA9701-DEB8-49C2-9DC2-EDBBF21CAFDE}.Ad-Hoc|ARM.Build.0 = Debug|Any CPU
		{09FA9701-DEB8-49C2-9DC2-EDBBF21CAFDE}.Ad-Hoc|ARM.Deploy.0 = Debug|Any CPU
		{09FA9701-DEB8-49C2-9DC2-EDBBF21CAFDE}.Ad-Hoc|iPhone.ActiveCfg = Debug|Any CPU
		{09FA9701-DEB8-49C2-9DC2-EDBBF21CAFDE}.Ad-Hoc|iPhone.Build.0 = Debug|Any CPU
		{09FA9701-DEB8-49C2-9DC2-EDBBF21CAFDE}.Ad-Hoc|iPhone.Deploy.0 = Debug|Any CPU
		{09FA9701-DEB8-49C2-9DC2-EDBBF21CAFDE}.Ad-Hoc|iPhoneSimulator.ActiveCfg = Debug|Any CPU
		{09FA9701-DEB8-49C2-9DC2-EDBBF21CAFDE}.Ad-Hoc|iPhoneSimulator.Build.0 = Debug|Any CPU
		{09FA9701-DEB8-49C2-9DC2-EDBBF21CAFDE}.Ad-Hoc|iPhoneSimulator.Deploy.0 = Debug|Any CPU
		{09FA9701-DEB8-49C2-9DC2-EDBBF21CAFDE}.Ad-Hoc|x64.ActiveCfg = Debug|Any CPU
		{09FA9701-DEB8-49C2-9DC2-EDBBF21CAFDE}.Ad-Hoc|x64.Build.0 = Debug|Any CPU
		{09FA9701-DEB8-49C2-9DC2-EDBBF21CAFDE}.Ad-Hoc|x64.Deploy.0 = Debug|Any CPU
		{09FA9701-DEB8-49C2-9DC2-EDBBF21CAFDE}.Ad-Hoc|x86.ActiveCfg = Debug|Any CPU
		{09FA9701-DEB8-49C2-9DC2-EDBBF21CAFDE}.Ad-Hoc|x86.Build.0 = Debug|Any CPU
		{09FA9701-DEB8-49C2-9DC2-EDBBF21CAFDE}.Ad-Hoc|x86.Deploy.0 = Debug|Any CPU
		{09FA9701-DEB8-49C2-9DC2-EDBBF21CAFDE}.AppStore|Any CPU.ActiveCfg = Debug|Any CPU
		{09FA9701-DEB8-49C2-9DC2-EDBBF21CAFDE}.AppStore|Any CPU.Build.0 = Debug|Any CPU
		{09FA9701-DEB8-49C2-9DC2-EDBBF21CAFDE}.AppStore|Any CPU.Deploy.0 = Debug|Any CPU
		{09FA9701-DEB8-49C2-9DC2-EDBBF21CAFDE}.AppStore|ARM.ActiveCfg = Debug|Any CPU
		{09FA9701-DEB8-49C2-9DC2-EDBBF21CAFDE}.AppStore|ARM.Build.0 = Debug|Any CPU
		{09FA9701-DEB8-49C2-9DC2-EDBBF21CAFDE}.AppStore|ARM.Deploy.0 = Debug|Any CPU
		{09FA9701-DEB8-49C2-9DC2-EDBBF21CAFDE}.AppStore|iPhone.ActiveCfg = Debug|Any CPU
		{09FA9701-DEB8-49C2-9DC2-EDBBF21CAFDE}.AppStore|iPhone.Build.0 = Debug|Any CPU
		{09FA9701-DEB8-49C2-9DC2-EDBBF21CAFDE}.AppStore|iPhone.Deploy.0 = Debug|Any CPU
		{09FA9701-DEB8-49C2-9DC2-EDBBF21CAFDE}.AppStore|iPhoneSimulator.ActiveCfg = Debug|Any CPU
		{09FA9701-DEB8-49C2-9DC2-EDBBF21CAFDE}.AppStore|iPhoneSimulator.Build.0 = Debug|Any CPU
		{09FA9701-DEB8-49C2-9DC2-EDBBF21CAFDE}.AppStore|iPhoneSimulator.Deploy.0 = Debug|Any CPU
		{09FA9701-DEB8-49C2-9DC2-EDBBF21CAFDE}.AppStore|x64.ActiveCfg = Debug|Any CPU
		{09FA9701-DEB8-49C2-9DC2-EDBBF21CAFDE}.AppStore|x64.Build.0 = Debug|Any CPU
		{09FA9701-DEB8-49C2-9DC2-EDBBF21CAFDE}.AppStore|x64.Deploy.0 = Debug|Any CPU
		{09FA9701-DEB8-49C2-9DC2-EDBBF21CAFDE}.AppStore|x86.ActiveCfg = Debug|Any CPU
		{09FA9701-DEB8-49C2-9DC2-EDBBF21CAFDE}.AppStore|x86.Build.0 = Debug|Any CPU
		{09FA9701-DEB8-49C2-9DC2-EDBBF21CAFDE}.AppStore|x86.Deploy.0 = Debug|Any CPU
		{09FA9701-DEB8-49C2-9DC2-EDBBF21CAFDE}.Debug|Any CPU.ActiveCfg = Debug|Any CPU
		{09FA9701-DEB8-49C2-9DC2-EDBBF21CAFDE}.Debug|Any CPU.Build.0 = Debug|Any CPU
		{09FA9701-DEB8-49C2-9DC2-EDBBF21CAFDE}.Debug|Any CPU.Deploy.0 = Debug|Any CPU
		{09FA9701-DEB8-49C2-9DC2-EDBBF21CAFDE}.Debug|ARM.ActiveCfg = Debug|Any CPU
		{09FA9701-DEB8-49C2-9DC2-EDBBF21CAFDE}.Debug|ARM.Build.0 = Debug|Any CPU
		{09FA9701-DEB8-49C2-9DC2-EDBBF21CAFDE}.Debug|ARM.Deploy.0 = Debug|Any CPU
		{09FA9701-DEB8-49C2-9DC2-EDBBF21CAFDE}.Debug|iPhone.ActiveCfg = Debug|Any CPU
		{09FA9701-DEB8-49C2-9DC2-EDBBF21CAFDE}.Debug|iPhone.Build.0 = Debug|Any CPU
		{09FA9701-DEB8-49C2-9DC2-EDBBF21CAFDE}.Debug|iPhone.Deploy.0 = Debug|Any CPU
		{09FA9701-DEB8-49C2-9DC2-EDBBF21CAFDE}.Debug|iPhoneSimulator.ActiveCfg = Debug|Any CPU
		{09FA9701-DEB8-49C2-9DC2-EDBBF21CAFDE}.Debug|iPhoneSimulator.Build.0 = Debug|Any CPU
		{09FA9701-DEB8-49C2-9DC2-EDBBF21CAFDE}.Debug|iPhoneSimulator.Deploy.0 = Debug|Any CPU
		{09FA9701-DEB8-49C2-9DC2-EDBBF21CAFDE}.Debug|x64.ActiveCfg = Debug|Any CPU
		{09FA9701-DEB8-49C2-9DC2-EDBBF21CAFDE}.Debug|x64.Build.0 = Debug|Any CPU
		{09FA9701-DEB8-49C2-9DC2-EDBBF21CAFDE}.Debug|x64.Deploy.0 = Debug|Any CPU
		{09FA9701-DEB8-49C2-9DC2-EDBBF21CAFDE}.Debug|x86.ActiveCfg = Debug|Any CPU
		{09FA9701-DEB8-49C2-9DC2-EDBBF21CAFDE}.Debug|x86.Build.0 = Debug|Any CPU
		{09FA9701-DEB8-49C2-9DC2-EDBBF21CAFDE}.Debug|x86.Deploy.0 = Debug|Any CPU
		{09FA9701-DEB8-49C2-9DC2-EDBBF21CAFDE}.Release|Any CPU.ActiveCfg = Release|Any CPU
		{09FA9701-DEB8-49C2-9DC2-EDBBF21CAFDE}.Release|Any CPU.Build.0 = Release|Any CPU
		{09FA9701-DEB8-49C2-9DC2-EDBBF21CAFDE}.Release|Any CPU.Deploy.0 = Release|Any CPU
		{09FA9701-DEB8-49C2-9DC2-EDBBF21CAFDE}.Release|ARM.ActiveCfg = Release|Any CPU
		{09FA9701-DEB8-49C2-9DC2-EDBBF21CAFDE}.Release|ARM.Build.0 = Release|Any CPU
		{09FA9701-DEB8-49C2-9DC2-EDBBF21CAFDE}.Release|ARM.Deploy.0 = Release|Any CPU
		{09FA9701-DEB8-49C2-9DC2-EDBBF21CAFDE}.Release|iPhone.ActiveCfg = Release|Any CPU
		{09FA9701-DEB8-49C2-9DC2-EDBBF21CAFDE}.Release|iPhone.Build.0 = Release|Any CPU
		{09FA9701-DEB8-49C2-9DC2-EDBBF21CAFDE}.Release|iPhone.Deploy.0 = Release|Any CPU
		{09FA9701-DEB8-49C2-9DC2-EDBBF21CAFDE}.Release|iPhoneSimulator.ActiveCfg = Release|Any CPU
		{09FA9701-DEB8-49C2-9DC2-EDBBF21CAFDE}.Release|iPhoneSimulator.Build.0 = Release|Any CPU
		{09FA9701-DEB8-49C2-9DC2-EDBBF21CAFDE}.Release|iPhoneSimulator.Deploy.0 = Release|Any CPU
		{09FA9701-DEB8-49C2-9DC2-EDBBF21CAFDE}.Release|x64.ActiveCfg = Release|Any CPU
		{09FA9701-DEB8-49C2-9DC2-EDBBF21CAFDE}.Release|x64.Build.0 = Release|Any CPU
		{09FA9701-DEB8-49C2-9DC2-EDBBF21CAFDE}.Release|x64.Deploy.0 = Release|Any CPU
		{09FA9701-DEB8-49C2-9DC2-EDBBF21CAFDE}.Release|x86.ActiveCfg = Release|Any CPU
		{09FA9701-DEB8-49C2-9DC2-EDBBF21CAFDE}.Release|x86.Build.0 = Release|Any CPU
		{09FA9701-DEB8-49C2-9DC2-EDBBF21CAFDE}.Release|x86.Deploy.0 = Release|Any CPU
	EndGlobalSection
	GlobalSection(SolutionProperties) = preSolution
		HideSolutionNode = FALSE
	EndGlobalSection
	GlobalSection(ExtensibilityGlobals) = postSolution
		SolutionGuid = {3F074577-9F9D-440E-B7F1-4167EA5D2F75}
	EndGlobalSection
EndGlobal
